{
  "nodes": {
    "linux-src": {
      "flake": false,
      "locked": {
        "lastModified": 1771515207,
        "narHash": "sha256-mYYibe1j01FiRsuY5WQuRFNRHZ28Y7TeU62zPrTgAgY=",
        "owner": "gregkh",
        "repo": "linux",
        "rev": "598cf272195d27d2a45462baa051959dc53690e5",
        "type": "github"
      },
      "original": {
        "owner": "gregkh",
        "ref": "linux-6.19.y",
        "repo": "linux",
        "type": "github"
      }
    },
    "nixpkgs": {
      "locked": {
        "lastModified": 1771369470,
        "narHash": "sha256-0NBlEBKkN3lufyvFegY4TYv5mCNHbi5OmBDrzihbBMQ=",
        "owner": "NixOS",
        "repo": "nixpkgs",
        "rev": "0182a361324364ae3f436a63005877674cf45efb",
        "type": "github"
      },
      "original": {
        "owner": "NixOS",
        "ref": "nixos-unstable",
        "repo": "nixpkgs",
        "type": "github"
      }
    },
    "root": {
      "inputs": {
        "linux-src": "linux-src",
        "nixpkgs": "nixpkgs",
        "tkg-src": "tkg-src"
      }
    },
    "tkg-src": {
      "flake": false,
      "locked": {
        "lastModified": 1771645433,
        "narHash": "sha256-CX6hHS4VCUUYXmZ9CXTpgXrqAyYzv3+Z4N9Y6324hZU=",
        "owner": "Frogging-Family",
        "repo": "linux-tkg",
        "rev": "d384a06b85d80f0232d7a1736b1473cb7e616771",
        "type": "github"
      },
      "original": {
        "owner": "Frogging-Family",
        "repo": "linux-tkg",
        "type": "github"
      }
    }
  },
  "root": "root",
  "version": 7
}
