{
  "nodes": {
    "linux-src": {
      "flake": false,
      "locked": {
        "lastModified": 1770584607,
        "narHash": "sha256-Mq1NVGL7Y7NtEEPdVvskGhG6CeIscTA6YYXdwtEqFG0=",
        "owner": "gregkh",
        "repo": "linux",
        "rev": "05f7e89ab9731565d8a62e3b5d1ec206485eeb0b",
        "type": "github"
      },
      "original": {
        "owner": "gregkh",
        "ref": "linux-6.19.y",
        "repo": "linux",
        "type": "github"
      }
    },
    "nixpkgs": {
      "locked": {
        "lastModified": 1771008912,
        "narHash": "sha256-gf2AmWVTs8lEq7z/3ZAsgnZDhWIckkb+ZnAo5RzSxJg=",
        "owner": "NixOS",
        "repo": "nixpkgs",
        "rev": "a82ccc39b39b621151d6732718e3e250109076fa",
        "type": "github"
      },
      "original": {
        "owner": "NixOS",
        "ref": "nixos-unstable",
        "repo": "nixpkgs",
        "type": "github"
      }
    },
    "root": {
      "inputs": {
        "linux-src": "linux-src",
        "nixpkgs": "nixpkgs",
        "tkg-src": "tkg-src"
      }
    },
    "tkg-src": {
      "flake": false,
      "locked": {
        "lastModified": 1771187224,
        "narHash": "sha256-/enVauryhSLDurpjWFxjOhAacUHI6/o4YdNVWeTRmT8=",
        "owner": "Frogging-Family",
        "repo": "linux-tkg",
        "rev": "07aa27a9910c69e5cb6aa67e477e1c6a55c8561a",
        "type": "github"
      },
      "original": {
        "owner": "Frogging-Family",
        "repo": "linux-tkg",
        "type": "github"
      }
    }
  },
  "root": "root",
  "version": 7
}
